// !$*UTF8*$!
{
	archiveVersion = 1;
	classes = {
	};
	objectVersion = 56;
	objects = {

/* Begin PBXBuildFile section */
		AABBCCDD0000000000000002 /* AppState.swift in Sources */ = {isa = PBXBuildFile; fileRef = AABBCCDD0000000000000001 /* AppState.swift */; };
		AABBCCDD0000000000000004 /* TechFlowRunnerApp.swift in Sources */ = {isa = PBXBuildFile; fileRef = AABBCCDD0000000000000003 /* TechFlowRunnerApp.swift */; };
		AABBCCDD0000000000000006 /* Boss.swift in Sources */ = {isa = PBXBuildFile; fileRef = AABBCCDD0000000000000005 /* Boss.swift */; };
		AABBCCDD0000000000000008 /* CollectibleBit.swift in Sources */ = {isa = PBXBuildFile; fileRef = AABBCCDD0000000000000007 /* CollectibleBit.swift */; };
		AABBCCDD000000000000000A /* GameConstants.swift in Sources */ = {isa = PBXBuildFile; fileRef = AABBCCDD0000000000000009 /* GameConstants.swift */; };
		AABBCCDD000000000000000C /* GameState.swift in Sources */ = {isa = PBXBuildFile; fileRef = AABBCCDD000000000000000B /* GameState.swift */; };
		AABBCCDD000000000000000E /* Obstacle.swift in Sources */ = {isa = PBXBuildFile; fileRef = AABBCCDD000000000000000D /* Obstacle.swift */; };
		AABBCCDD0000000000000010 /* ParticleEffect.swift in Sources */ = {isa = PBXBuildFile; fileRef = AABBCCDD000000000000000F /* ParticleEffect.swift */; };
		AABBCCDD0000000000000012 /* PhysicsCategories.swift in Sources */ = {isa = PBXBuildFile; fileRef = AABBCCDD0000000000000011 /* PhysicsCategories.swift */; };
		AABBCCDD0000000000000014 /* Player.swift in Sources */ = {isa = PBXBuildFile; fileRef = AABBCCDD0000000000000013 /* Player.swift */; };
		AABBCCDD0000000000000016 /* PowerUp.swift in Sources */ = {isa = PBXBuildFile; fileRef = AABBCCDD0000000000000015 /* PowerUp.swift */; };
		AABBCCDD0000000000000018 /* Projectile.swift in Sources */ = {isa = PBXBuildFile; fileRef = AABBCCDD0000000000000017 /* Projectile.swift */; };
		AABBCCDD000000000000001A /* SeededRandom.swift in Sources */ = {isa = PBXBuildFile; fileRef = AABBCCDD0000000000000019 /* SeededRandom.swift */; };
		AABBCCDD000000000000001C /* SkinRenderer.swift in Sources */ = {isa = PBXBuildFile; fileRef = AABBCCDD000000000000001B /* SkinRenderer.swift */; };
		AABBCCDD000000000000001E /* TechFlowGameScene.swift in Sources */ = {isa = PBXBuildFile; fileRef = AABBCCDD000000000000001D /* TechFlowGameScene.swift */; };
		AABBCCDD0000000000000020 /* TerrainGenerator.swift in Sources */ = {isa = PBXBuildFile; fileRef = AABBCCDD000000000000001F /* TerrainGenerator.swift */; };
		AABBCCDD0000000000000022 /* Modifier.swift in Sources */ = {isa = PBXBuildFile; fileRef = AABBCCDD0000000000000021 /* Modifier.swift */; };
		AABBCCDD0000000000000024 /* Skin.swift in Sources */ = {isa = PBXBuildFile; fileRef = AABBCCDD0000000000000023 /* Skin.swift */; };
		AABBCCDD0000000000000026 /* AudioManager.swift in Sources */ = {isa = PBXBuildFile; fileRef = AABBCCDD0000000000000025 /* AudioManager.swift */; };
		AABBCCDD0000000000000061 /* OrientationManager.swift in Sources */ = {isa = PBXBuildFile; fileRef = AABBCCDD0000000000000060 /* OrientationManager.swift */; };
		AABBCCDD0000000000000028 /* GameCenterManager.swift in Sources */ = {isa = PBXBuildFile; fileRef = AABBCCDD0000000000000027 /* GameCenterManager.swift */; };
		AABBCCDD000000000000002A /* HapticsManager.swift in Sources */ = {isa = PBXBuildFile; fileRef = AABBCCDD0000000000000029 /* HapticsManager.swift */; };
		AABBCCDD000000000000002C /* PersistenceManager.swift in Sources */ = {isa = PBXBuildFile; fileRef = AABBCCDD000000000000002B /* PersistenceManager.swift */; };
		AABBCCDD000000000000002E /* GameContainerView.swift in Sources */ = {isa = PBXBuildFile; fileRef = AABBCCDD000000000000002D /* GameContainerView.swift */; };
		AABBCCDD0000000000000030 /* GameOverOverlayView.swift in Sources */ = {isa = PBXBuildFile; fileRef = AABBCCDD000000000000002F /* GameOverOverlayView.swift */; };
		AABBCCDD0000000000000032 /* GameSceneView.swift in Sources */ = {isa = PBXBuildFile; fileRef = AABBCCDD0000000000000031 /* GameSceneView.swift */; };
		AABBCCDD0000000000000034 /* HUDView.swift in Sources */ = {isa = PBXBuildFile; fileRef = AABBCCDD0000000000000033 /* HUDView.swift */; };
		AABBCCDD0000000000000036 /* LeaderboardView.swift in Sources */ = {isa = PBXBuildFile; fileRef = AABBCCDD0000000000000035 /* LeaderboardView.swift */; };
		AABBCCDD0000000000000038 /* MainMenuView.swift in Sources */ = {isa = PBXBuildFile; fileRef = AABBCCDD0000000000000037 /* MainMenuView.swift */; };
		AABBCCDD000000000000003A /* ModifierPickerView.swift in Sources */ = {isa = PBXBuildFile; fileRef = AABBCCDD0000000000000039 /* ModifierPickerView.swift */; };
		AABBCCDD000000000000003C /* PauseOverlayView.swift in Sources */ = {isa = PBXBuildFile; fileRef = AABBCCDD000000000000003B /* PauseOverlayView.swift */; };
		AABBCCDD000000000000003E /* SettingsView.swift in Sources */ = {isa = PBXBuildFile; fileRef = AABBCCDD000000000000003D /* SettingsView.swift */; };
		AABBCCDD0000000000000040 /* SkinPickerView.swift in Sources */ = {isa = PBXBuildFile; fileRef = AABBCCDD000000000000003F /* SkinPickerView.swift */; };
		AABBCCDD0000000000000042 /* Theme.swift in Sources */ = {isa = PBXBuildFile; fileRef = AABBCCDD0000000000000041 /* Theme.swift */; };
		AABBCCDD0000000000000044 /* Assets.xcassets in Resources */ = {isa = PBXBuildFile; fileRef = AABBCCDD0000000000000043 /* Assets.xcassets */; };
		AABBCCDD0000000000000047 /* Tech Flow.mp3 in Resources */ = {isa = PBXBuildFile; fileRef = AABBCCDD0000000000000046 /* Tech Flow.mp3 */; };
/* End PBXBuildFile section */

/* Begin PBXFileReference section */
		AABBCCDD0000000000000001 /* AppState.swift */ = {isa = PBXFileReference; lastKnownFileType = sourcecode.swift; path = AppState.swift; sourceTree = "<group>"; };
		AABBCCDD0000000000000003 /* TechFlowRunnerApp.swift */ = {isa = PBXFileReference; lastKnownFileType = sourcecode.swift; path = TechFlowRunnerApp.swift; sourceTree = "<group>"; };
		AABBCCDD0000000000000005 /* Boss.swift */ = {isa = PBXFileReference; lastKnownFileType = sourcecode.swift; path = Boss.swift; sourceTree = "<group>"; };
		AABBCCDD0000000000000007 /* CollectibleBit.swift */ = {isa = PBXFileReference; lastKnownFileType = sourcecode.swift; path = CollectibleBit.swift; sourceTree = "<group>"; };
		AABBCCDD0000000000000009 /* GameConstants.swift */ = {isa = PBXFileReference; lastKnownFileType = sourcecode.swift; path = GameConstants.swift; sourceTree = "<group>"; };
		AABBCCDD000000000000000B /* GameState.swift */ = {isa = PBXFileReference; lastKnownFileType = sourcecode.swift; path = GameState.swift; sourceTree = "<group>"; };
		AABBCCDD000000000000000D /* Obstacle.swift */ = {isa = PBXFileReference; lastKnownFileType = sourcecode.swift; path = Obstacle.swift; sourceTree = "<group>"; };
		AABBCCDD000000000000000F /* ParticleEffect.swift */ = {isa = PBXFileReference; lastKnownFileType = sourcecode.swift; path = ParticleEffect.swift; sourceTree = "<group>"; };
		AABBCCDD0000000000000011 /* PhysicsCategories.swift */ = {isa = PBXFileReference; lastKnownFileType = sourcecode.swift; path = PhysicsCategories.swift; sourceTree = "<group>"; };
		AABBCCDD0000000000000013 /* Player.swift */ = {isa = PBXFileReference; lastKnownFileType = sourcecode.swift; path = Player.swift; sourceTree = "<group>"; };
		AABBCCDD0000000000000015 /* PowerUp.swift */ = {isa = PBXFileReference; lastKnownFileType = sourcecode.swift; path = PowerUp.swift; sourceTree = "<group>"; };
		AABBCCDD0000000000000017 /* Projectile.swift */ = {isa = PBXFileReference; lastKnownFileType = sourcecode.swift; path = Projectile.swift; sourceTree = "<group>"; };
		AABBCCDD0000000000000019 /* SeededRandom.swift */ = {isa = PBXFileReference; lastKnownFileType = sourcecode.swift; path = SeededRandom.swift; sourceTree = "<group>"; };
		AABBCCDD000000000000001B /* SkinRenderer.swift */ = {isa = PBXFileReference; lastKnownFileType = sourcecode.swift; path = SkinRenderer.swift; sourceTree = "<group>"; };
		AABBCCDD000000000000001D /* TechFlowGameScene.swift */ = {isa = PBXFileReference; lastKnownFileType = sourcecode.swift; path = TechFlowGameScene.swift; sourceTree = "<group>"; };
		AABBCCDD000000000000001F /* TerrainGenerator.swift */ = {isa = PBXFileReference; lastKnownFileType = sourcecode.swift; path = TerrainGenerator.swift; sourceTree = "<group>"; };
		AABBCCDD0000000000000021 /* Modifier.swift */ = {isa = PBXFileReference; lastKnownFileType = sourcecode.swift; path = Modifier.swift; sourceTree = "<group>"; };
		AABBCCDD0000000000000023 /* Skin.swift */ = {isa = PBXFileReference; lastKnownFileType = sourcecode.swift; path = Skin.swift; sourceTree = "<group>"; };
		AABBCCDD0000000000000025 /* AudioManager.swift */ = {isa = PBXFileReference; lastKnownFileType = sourcecode.swift; path = AudioManager.swift; sourceTree = "<group>"; };
		AABBCCDD0000000000000060 /* OrientationManager.swift */ = {isa = PBXFileReference; lastKnownFileType = sourcecode.swift; path = OrientationManager.swift; sourceTree = "<group>"; };
		AABBCCDD0000000000000027 /* GameCenterManager.swift */ = {isa = PBXFileReference; lastKnownFileType = sourcecode.swift; path = GameCenterManager.swift; sourceTree = "<group>"; };
		AABBCCDD0000000000000029 /* HapticsManager.swift */ = {isa = PBXFileReference; lastKnownFileType = sourcecode.swift; path = HapticsManager.swift; sourceTree = "<group>"; };
		AABBCCDD000000000000002B /* PersistenceManager.swift */ = {isa = PBXFileReference; lastKnownFileType = sourcecode.swift; path = PersistenceManager.swift; sourceTree = "<group>"; };
		AABBCCDD000000000000002D /* GameContainerView.swift */ = {isa = PBXFileReference; lastKnownFileType = sourcecode.swift; path = GameContainerView.swift; sourceTree = "<group>"; };
		AABBCCDD000000000000002F /* GameOverOverlayView.swift */ = {isa = PBXFileReference; lastKnownFileType = sourcecode.swift; path = GameOverOverlayView.swift; sourceTree = "<group>"; };
		AABBCCDD0000000000000031 /* GameSceneView.swift */ = {isa = PBXFileReference; lastKnownFileType = sourcecode.swift; path = GameSceneView.swift; sourceTree = "<group>"; };
		AABBCCDD0000000000000033 /* HUDView.swift */ = {isa = PBXFileReference; lastKnownFileType = sourcecode.swift; path = HUDView.swift; sourceTree = "<group>"; };
		AABBCCDD0000000000000035 /* LeaderboardView.swift */ = {isa = PBXFileReference; lastKnownFileType = sourcecode.swift; path = LeaderboardView.swift; sourceTree = "<group>"; };
		AABBCCDD0000000000000037 /* MainMenuView.swift */ = {isa = PBXFileReference; lastKnownFileType = sourcecode.swift; path = MainMenuView.swift; sourceTree = "<group>"; };
		AABBCCDD0000000000000039 /* ModifierPickerView.swift */ = {isa = PBXFileReference; lastKnownFileType = sourcecode.swift; path = ModifierPickerView.swift; sourceTree = "<group>"; };
		AABBCCDD000000000000003B /* PauseOverlayView.swift */ = {isa = PBXFileReference; lastKnownFileType = sourcecode.swift; path = PauseOverlayView.swift; sourceTree = "<group>"; };
		AABBCCDD000000000000003D /* SettingsView.swift */ = {isa = PBXFileReference; lastKnownFileType = sourcecode.swift; path = SettingsView.swift; sourceTree = "<group>"; };
		AABBCCDD000000000000003F /* SkinPickerView.swift */ = {isa = PBXFileReference; lastKnownFileType = sourcecode.swift; path = SkinPickerView.swift; sourceTree = "<group>"; };
		AABBCCDD0000000000000041 /* Theme.swift */ = {isa = PBXFileReference; lastKnownFileType = sourcecode.swift; path = Theme.swift; sourceTree = "<group>"; };
		AABBCCDD0000000000000043 /* Assets.xcassets */ = {isa = PBXFileReference; lastKnownFileType = folder.assetcatalog; path = Assets.xcassets; sourceTree = "<group>"; };
		AABBCCDD0000000000000045 /* TechFlowRunner.entitlements */ = {isa = PBXFileReference; lastKnownFileType = text.plist.entitlements; path = TechFlowRunner.entitlements; sourceTree = "<group>"; };
		AABBCCDD0000000000000046 /* Tech Flow.mp3 */ = {isa = PBXFileReference; lastKnownFileType = audio.mp3; path = "Tech Flow.mp3"; sourceTree = "<group>"; };
		AABBCCDD0000000000000048 /* TechFlowRunner.app */ = {isa = PBXFileReference; explicitFileType = wrapper.application; includeInIndex = 0; path = TechFlowRunner.app; sourceTree = BUILT_PRODUCTS_DIR; };
/* End PBXFileReference section */

/* Begin PBXFrameworksBuildPhase section */
		AABBCCDD0000000000000055 /* Frameworks */ = {
			isa = PBXFrameworksBuildPhase;
			buildActionMask = 2147483647;
			files = (
			);
			runOnlyForDeploymentPostprocessing = 0;
		};
/* End PBXFrameworksBuildPhase section */

/* Begin PBXGroup section */
		AABBCCDD0000000000000049 /* Game */ = {
			isa = PBXGroup;
			children = (
				AABBCCDD0000000000000005 /* Boss.swift */,
				AABBCCDD0000000000000007 /* CollectibleBit.swift */,
				AABBCCDD0000000000000009 /* GameConstants.swift */,
				AABBCCDD000000000000000B /* GameState.swift */,
				AABBCCDD000000000000000D /* Obstacle.swift */,
				AABBCCDD000000000000000F /* ParticleEffect.swift */,
				AABBCCDD0000000000000011 /* PhysicsCategories.swift */,
				AABBCCDD0000000000000013 /* Player.swift */,
				AABBCCDD0000000000000015 /* PowerUp.swift */,
				AABBCCDD0000000000000017 /* Projectile.swift */,
				AABBCCDD0000000000000019 /* SeededRandom.swift */,
				AABBCCDD000000000000001B /* SkinRenderer.swift */,
				AABBCCDD000000000000001D /* TechFlowGameScene.swift */,
				AABBCCDD000000000000001F /* TerrainGenerator.swift */,
			);
			path = Game;
			sourceTree = "<group>";
		};
		AABBCCDD000000000000004A /* Models */ = {
			isa = PBXGroup;
			children = (
				AABBCCDD0000000000000021 /* Modifier.swift */,
				AABBCCDD0000000000000023 /* Skin.swift */,
			);
			path = Models;
			sourceTree = "<group>";
		};
		AABBCCDD000000000000004B /* Services */ = {
			isa = PBXGroup;
			children = (
				AABBCCDD0000000000000025 /* AudioManager.swift */,
				AABBCCDD0000000000000027 /* GameCenterManager.swift */,
				AABBCCDD0000000000000029 /* HapticsManager.swift */,
				AABBCCDD0000000000000060 /* OrientationManager.swift */,
				AABBCCDD000000000000002B /* PersistenceManager.swift */,
			);
			path = Services;
			sourceTree = "<group>";
		};
		AABBCCDD000000000000004C /* UI */ = {
			isa = PBXGroup;
			children = (
				AABBCCDD000000000000002D /* GameContainerView.swift */,
				AABBCCDD000000000000002F /* GameOverOverlayView.swift */,
				AABBCCDD0000000000000031 /* GameSceneView.swift */,
				AABBCCDD0000000000000033 /* HUDView.swift */,
				AABBCCDD0000000000000035 /* LeaderboardView.swift */,
				AABBCCDD0000000000000037 /* MainMenuView.swift */,
				AABBCCDD0000000000000039 /* ModifierPickerView.swift */,
				AABBCCDD000000000000003B /* PauseOverlayView.swift */,
				AABBCCDD000000000000003D /* SettingsView.swift */,
				AABBCCDD000000000000003F /* SkinPickerView.swift */,
				AABBCCDD0000000000000041 /* Theme.swift */,
			);
			path = UI;
			sourceTree = "<group>";
		};
		AABBCCDD000000000000004D /* Resources */ = {
			isa = PBXGroup;
			children = (
				AABBCCDD0000000000000046 /* Tech Flow.mp3 */,
			);
			path = Resources;
			sourceTree = "<group>";
		};
		AABBCCDD000000000000004E /* TechFlowRunner */ = {
			isa = PBXGroup;
			children = (
				AABBCCDD0000000000000001 /* AppState.swift */,
				AABBCCDD0000000000000003 /* TechFlowRunnerApp.swift */,
				AABBCCDD0000000000000049 /* Game */,
				AABBCCDD000000000000004A /* Models */,
				AABBCCDD000000000000004B /* Services */,
				AABBCCDD000000000000004C /* UI */,
				AABBCCDD000000000000004D /* Resources */,
				AABBCCDD0000000000000043 /* Assets.xcassets */,
				AABBCCDD0000000000000045 /* TechFlowRunner.entitlements */,
			);
			path = TechFlowRunner;
			sourceTree = "<group>";
		};
		AABBCCDD000000000000004F = {
			isa = PBXGroup;
			children = (
				AABBCCDD000000000000004E /* TechFlowRunner */,
				AABBCCDD0000000000000050,
			);
			sourceTree = "<group>";
		};
		AABBCCDD0000000000000050 = {
			isa = PBXGroup;
			children = (
				AABBCCDD0000000000000048 /* TechFlowRunner.app */,
			);
			sourceTree = "<group>";
		};
/* End PBXGroup section */

/* Begin PBXNativeTarget section */
		AABBCCDD0000000000000051 /* TechFlowRunner */ = {
			isa = PBXNativeTarget;
			buildConfigurationList = AABBCCDD0000000000000056 /* Build configuration list for PBXNativeTarget "TechFlowRunner" */;
			buildPhases = (
				AABBCCDD0000000000000053 /* Sources */,
				AABBCCDD0000000000000055 /* Frameworks */,
				AABBCCDD0000000000000054 /* Resources */,
			);
			buildRules = (
			);
			dependencies = (
			);
			name = TechFlowRunner;
			productName = TechFlowRunner;
			productReference = AABBCCDD0000000000000048 /* TechFlowRunner.app */;
			productType = "com.apple.product-type.application";
		};
/* End PBXNativeTarget section */

/* Begin PBXProject section */
		AABBCCDD0000000000000052 /* Project object */ = {
			isa = PBXProject;
			attributes = {
				BuildIndependentTargetsInParallel = 1;
				LastSwiftUpdateCheck = 1500;
				LastUpgradeCheck = 2650;
				TargetAttributes = {
					AABBCCDD0000000000000051 = {
						CreatedOnToolsVersion = 15.0;
					};
				};
			};
			buildConfigurationList = AABBCCDD0000000000000057 /* Build configuration list for PBXProject "TechFlowRunner" */;
			compatibilityVersion = "Xcode 14.0";
			developmentRegion = en;
			hasScannedForEncodings = 0;
			knownRegions = (
				en,
				Base,
			);
			mainGroup = AABBCCDD000000000000004F;
			productRefGroup = AABBCCDD0000000000000050;
			projectDirPath = "";
			projectRoot = "";
			targets = (
				AABBCCDD0000000000000051 /* TechFlowRunner */,
			);
		};
/* End PBXProject section */

/* Begin PBXResourcesBuildPhase section */
		AABBCCDD0000000000000054 /* Resources */ = {
			isa = PBXResourcesBuildPhase;
			buildActionMask = 2147483647;
			files = (
				AABBCCDD0000000000000044 /* Assets.xcassets in Resources */,
				AABBCCDD0000000000000047 /* Tech Flow.mp3 in Resources */,
			);
			runOnlyForDeploymentPostprocessing = 0;
		};
/* End PBXResourcesBuildPhase section */

/* Begin PBXSourcesBuildPhase section */
		AABBCCDD0000000000000053 /* Sources */ = {
			isa = PBXSourcesBuildPhase;
			buildActionMask = 2147483647;
			files = (
				AABBCCDD0000000000000002 /* AppState.swift in Sources */,
				AABBCCDD0000000000000004 /* TechFlowRunnerApp.swift in Sources */,
				AABBCCDD0000000000000006 /* Boss.swift in Sources */,
				AABBCCDD0000000000000008 /* CollectibleBit.swift in Sources */,
				AABBCCDD000000000000000A /* GameConstants.swift in Sources */,
				AABBCCDD000000000000000C /* GameState.swift in Sources */,
				AABBCCDD000000000000000E /* Obstacle.swift in Sources */,
				AABBCCDD0000000000000010 /* ParticleEffect.swift in Sources */,
				AABBCCDD0000000000000012 /* PhysicsCategories.swift in Sources */,
				AABBCCDD0000000000000014 /* Player.swift in Sources */,
				AABBCCDD0000000000000016 /* PowerUp.swift in Sources */,
				AABBCCDD0000000000000018 /* Projectile.swift in Sources */,
				AABBCCDD000000000000001A /* SeededRandom.swift in Sources */,
				AABBCCDD000000000000001C /* SkinRenderer.swift in Sources */,
				AABBCCDD000000000000001E /* TechFlowGameScene.swift in Sources */,
				AABBCCDD0000000000000020 /* TerrainGenerator.swift in Sources */,
				AABBCCDD0000000000000022 /* Modifier.swift in Sources */,
				AABBCCDD0000000000000024 /* Skin.swift in Sources */,
				AABBCCDD0000000000000026 /* AudioManager.swift in Sources */,
				AABBCCDD0000000000000061 /* OrientationManager.swift in Sources */,
				AABBCCDD0000000000000028 /* GameCenterManager.swift in Sources */,
				AABBCCDD000000000000002A /* HapticsManager.swift in Sources */,
				AABBCCDD000000000000002C /* PersistenceManager.swift in Sources */,
				AABBCCDD000000000000002E /* GameContainerView.swift in Sources */,
				AABBCCDD0000000000000030 /* GameOverOverlayView.swift in Sources */,
				AABBCCDD0000000000000032 /* GameSceneView.swift in Sources */,
				AABBCCDD0000000000000034 /* HUDView.swift in Sources */,
				AABBCCDD0000000000000036 /* LeaderboardView.swift in Sources */,
				AABBCCDD0000000000000038 /* MainMenuView.swift in Sources */,
				AABBCCDD000000000000003A /* ModifierPickerView.swift in Sources */,
				AABBCCDD000000000000003C /* PauseOverlayView.swift in Sources */,
				AABBCCDD000000000000003E /* SettingsView.swift in Sources */,
				AABBCCDD0000000000000040 /* SkinPickerView.swift in Sources */,
				AABBCCDD0000000000000042 /* Theme.swift in Sources */,
			);
			runOnlyForDeploymentPostprocessing = 0;
		};
/* End PBXSourcesBuildPhase section */

/* Begin XCBuildConfiguration section */
		AABBCCDD0000000000000058 /* Debug */ = {
			isa = XCBuildConfiguration;
			buildSettings = {
				ALWAYS_SEARCH_USER_PATHS = NO;
				CLANG_ENABLE_MODULES = YES;
				CLANG_ENABLE_OBJC_ARC = YES;
				CLANG_WARN_BLOCK_CAPTURE_AUTORELEASING = YES;
				CLANG_WARN_BOOL_CONVERSION = YES;
				CLANG_WARN_COMMA = YES;
				CLANG_WARN_CONSTANT_CONVERSION = YES;
				CLANG_WARN_DEPRECATED_OBJC_IMPLEMENTATIONS = YES;
				CLANG_WARN_EMPTY_BODY = YES;
				CLANG_WARN_ENUM_CONVERSION = YES;
				CLANG_WARN_INFINITE_RECURSION = YES;
				CLANG_WARN_INT_CONVERSION = YES;
				CLANG_WARN_NON_LITERAL_NULL_CONVERSION = YES;
				CLANG_WARN_OBJC_IMPLICIT_RETAIN_SELF = YES;
				CLANG_WARN_OBJC_LITERAL_CONVERSION = YES;
				CLANG_WARN_QUOTED_INCLUDE_IN_FRAMEWORK_HEADER = YES;
				CLANG_WARN_RANGE_LOOP_ANALYSIS = YES;
				CLANG_WARN_STRICT_PROTOTYPES = YES;
				CLANG_WARN_SUSPICIOUS_MOVE = YES;
				CLANG_WARN_UNREACHABLE_CODE = YES;
				CLANG_WARN__DUPLICATE_METHOD_MATCH = YES;
				COPY_PHASE_STRIP = NO;
				DEBUG_INFORMATION_FORMAT = dwarf;
				DEVELOPMENT_TEAM = JFTUN6NUAB;
				ENABLE_STRICT_OBJC_MSGSEND = YES;
				ENABLE_TESTABILITY = YES;
				ENABLE_USER_SCRIPT_SANDBOXING = YES;
				GCC_DYNAMIC_NO_PIC = NO;
				GCC_NO_COMMON_BLOCKS = YES;
				GCC_OPTIMIZATION_LEVEL = 0;
				GCC_PREPROCESSOR_DEFINITIONS = (
					"DEBUG=1",
					"$(inherited)",
				);
				GCC_WARN_64_TO_32_BIT_CONVERSION = YES;
				GCC_WARN_ABOUT_RETURN_TYPE = YES;
				GCC_WARN_UNDECLARED_SELECTOR = YES;
				GCC_WARN_UNINITIALIZED_AUTOS = YES;
				GCC_WARN_UNUSED_FUNCTION = YES;
				GCC_WARN_UNUSED_VARIABLE = YES;
				MTL_ENABLE_DEBUG_INFO = INCLUDE_SOURCE;
				ONLY_ACTIVE_ARCH = YES;
				SDKROOT = iphoneos;
				STRING_CATALOG_GENERATE_SYMBOLS = YES;
				SWIFT_ACTIVE_COMPILATION_CONDITIONS = DEBUG;
				SWIFT_OPTIMIZATION_LEVEL = "-Onone";
			};
			name = Debug;
		};
		AABBCCDD0000000000000059 /* Release */ = {
			isa = XCBuildConfiguration;
			buildSettings = {
				ALWAYS_SEARCH_USER_PATHS = NO;
				CLANG_ENABLE_MODULES = YES;
				CLANG_ENABLE_OBJC_ARC = YES;
				CLANG_WARN_BLOCK_CAPTURE_AUTORELEASING = YES;
				CLANG_WARN_BOOL_CONVERSION = YES;
				CLANG_WARN_COMMA = YES;
				CLANG_WARN_CONSTANT_CONVERSION = YES;
				CLANG_WARN_DEPRECATED_OBJC_IMPLEMENTATIONS = YES;
				CLANG_WARN_EMPTY_BODY = YES;
				CLANG_WARN_ENUM_CONVERSION = YES;
				CLANG_WARN_INFINITE_RECURSION = YES;
				CLANG_WARN_INT_CONVERSION = YES;
				CLANG_WARN_NON_LITERAL_NULL_CONVERSION = YES;
				CLANG_WARN_OBJC_IMPLICIT_RETAIN_SELF = YES;
				CLANG_WARN_OBJC_LITERAL_CONVERSION = YES;
				CLANG_WARN_QUOTED_INCLUDE_IN_FRAMEWORK_HEADER = YES;
				CLANG_WARN_RANGE_LOOP_ANALYSIS = YES;
				CLANG_WARN_STRICT_PROTOTYPES = YES;
				CLANG_WARN_SUSPICIOUS_MOVE = YES;
				CLANG_WARN_UNREACHABLE_CODE = YES;
				CLANG_WARN__DUPLICATE_METHOD_MATCH = YES;
				COPY_PHASE_STRIP = NO;
				DEBUG_INFORMATION_FORMAT = "dwarf-with-dsym";
				DEVELOPMENT_TEAM = JFTUN6NUAB;
				ENABLE_NS_ASSERTIONS = NO;
				ENABLE_STRICT_OBJC_MSGSEND = YES;
				ENABLE_USER_SCRIPT_SANDBOXING = YES;
				GCC_NO_COMMON_BLOCKS = YES;
				GCC_WARN_64_TO_32_BIT_CONVERSION = YES;
				GCC_WARN_ABOUT_RETURN_TYPE = YES;
				GCC_WARN_UNDECLARED_SELECTOR = YES;
				GCC_WARN_UNINITIALIZED_AUTOS = YES;
				GCC_WARN_UNUSED_FUNCTION = YES;
				GCC_WARN_UNUSED_VARIABLE = YES;
				MTL_ENABLE_DEBUG_INFO = NO;
				SDKROOT = iphoneos;
				STRING_CATALOG_GENERATE_SYMBOLS = YES;
				SWIFT_COMPILATION_MODE = wholemodule;
				SWIFT_OPTIMIZATION_LEVEL = "-O";
				VALIDATE_PRODUCT = YES;
			};
			name = Release;
		};
		AABBCCDD000000000000005A /* Debug */ = {
			isa = XCBuildConfiguration;
			buildSettings = {
				ASSETCATALOG_COMPILER_APPICON_NAME = AppIcon;
				ASSETCATALOG_COMPILER_GLOBAL_ACCENT_COLOR_NAME = AccentColor;
				CODE_SIGN_ENTITLEMENTS = TechFlowRunner/TechFlowRunner.entitlements;
				CODE_SIGN_STYLE = Automatic;
				CURRENT_PROJECT_VERSION = 1;
				ENABLE_PREVIEWS = YES;
				GENERATE_INFOPLIST_FILE = YES;
				INFOPLIST_KEY_CFBundleDisplayName = "Tech Flow Runner";
				INFOPLIST_KEY_LSApplicationCategoryType = "public.app-category.games";
				INFOPLIST_KEY_UIApplicationSupportsIndirectInputEvents = YES;
				INFOPLIST_KEY_UILaunchScreen_Generation = YES;
				INFOPLIST_KEY_UIStatusBarHidden = YES;
				INFOPLIST_KEY_UISupportedInterfaceOrientations = "UIInterfaceOrientationPortrait UIInterfaceOrientationLandscapeLeft UIInterfaceOrientationLandscapeRight";
				"INFOPLIST_KEY_UISupportedInterfaceOrientations~ipad" = "UIInterfaceOrientationLandscapeLeft UIInterfaceOrientationLandscapeRight";
				IPHONEOS_DEPLOYMENT_TARGET = 17.0;
				LD_RUNPATH_SEARCH_PATHS = (
					"$(inherited)",
					"@executable_path/Frameworks",
				);
				MARKETING_VERSION = 1.0;
				PRODUCT_BUNDLE_IDENTIFIER = com.h3consultingpartners.techflowrunner;
				PRODUCT_NAME = "$(TARGET_NAME)";
				SUPPORTED_PLATFORMS = "iphoneos iphonesimulator";
				SUPPORTS_MACCATALYST = NO;
				SUPPORTS_XR_DESIGNED_FOR_IPHONE_IPAD = NO;
				SWIFT_EMIT_LOC_STRINGS = YES;
				SWIFT_VERSION = 5.0;
				TARGETED_DEVICE_FAMILY = "1,2";
			};
			name = Debug;
		};
		AABBCCDD000000000000005B /* Release */ = {
			isa = XCBuildConfiguration;
			buildSettings = {
				ASSETCATALOG_COMPILER_APPICON_NAME = AppIcon;
				ASSETCATALOG_COMPILER_GLOBAL_ACCENT_COLOR_NAME = AccentColor;
				CODE_SIGN_ENTITLEMENTS = TechFlowRunner/TechFlowRunner.entitlements;
				CODE_SIGN_STYLE = Automatic;
				CURRENT_PROJECT_VERSION = 1;
				ENABLE_PREVIEWS = YES;
				GENERATE_INFOPLIST_FILE = YES;
				INFOPLIST_KEY_CFBundleDisplayName = "Tech Flow Runner";
				INFOPLIST_KEY_LSApplicationCategoryType = "public.app-category.games";
				INFOPLIST_KEY_UIApplicationSupportsIndirectInputEvents = YES;
				INFOPLIST_KEY_UILaunchScreen_Generation = YES;
				INFOPLIST_KEY_UIStatusBarHidden = YES;
				INFOPLIST_KEY_UISupportedInterfaceOrientations = "UIInterfaceOrientationPortrait UIInterfaceOrientationLandscapeLeft UIInterfaceOrientationLandscapeRight";
				"INFOPLIST_KEY_UISupportedInterfaceOrientations~ipad" = "UIInterfaceOrientationLandscapeLeft UIInterfaceOrientationLandscapeRight";
				IPHONEOS_DEPLOYMENT_TARGET = 17.0;
				LD_RUNPATH_SEARCH_PATHS = (
					"$(inherited)",
					"@executable_path/Frameworks",
				);
				MARKETING_VERSION = 1.0;
				PRODUCT_BUNDLE_IDENTIFIER = com.h3consultingpartners.techflowrunner;
				PRODUCT_NAME = "$(TARGET_NAME)";
				SUPPORTED_PLATFORMS = "iphoneos iphonesimulator";
				SUPPORTS_MACCATALYST = NO;
				SUPPORTS_XR_DESIGNED_FOR_IPHONE_IPAD = NO;
				SWIFT_EMIT_LOC_STRINGS = YES;
				SWIFT_VERSION = 5.0;
				TARGETED_DEVICE_FAMILY = "1,2";
			};
			name = Release;
		};
/* End XCBuildConfiguration section */

/* Begin XCConfigurationList section */
		AABBCCDD0000000000000056 /* Build configuration list for PBXNativeTarget "TechFlowRunner" */ = {
			isa = XCConfigurationList;
			buildConfigurations = (
				AABBCCDD000000000000005A /* Debug */,
				AABBCCDD000000000000005B /* Release */,
			);
			defaultConfigurationIsVisible = 0;
			defaultConfigurationName = Release;
		};
		AABBCCDD0000000000000057 /* Build configuration list for PBXProject "TechFlowRunner" */ = {
			isa = XCConfigurationList;
			buildConfigurations = (
				AABBCCDD0000000000000058 /* Debug */,
				AABBCCDD0000000000000059 /* Release */,
			);
			defaultConfigurationIsVisible = 0;
			defaultConfigurationName = Release;
		};
/* End XCConfigurationList section */
	};
	rootObject = AABBCCDD0000000000000052 /* Project object */;
}
